// !$*UTF8*$!
{
	archiveVersion = 1;
	classes = {
	};
	objectVersion = 56;
	objects = {

/* Begin PBXBuildFile section */
		5E483B1B2B1660E200F696D1 /* AppDelegate.swift in Sources */ = {isa = PBXBuildFile; fileRef = 5E483B1A2B1660E200F696D1 /* AppDelegate.swift */; };
		5E483B1D2B1660E200F696D1 /* SceneDelegate.swift in Sources */ = {isa = PBXBuildFile; fileRef = 5E483B1C2B1660E200F696D1 /* SceneDelegate.swift */; };
		5E483B1F2B1660E200F696D1 /* ViewController.swift in Sources */ = {isa = PBXBuildFile; fileRef = 5E483B1E2B1660E200F696D1 /* ViewController.swift */; };
		5E483B222B1660E200F696D1 /* Main.storyboard in Resources */ = {isa = PBXBuildFile; fileRef = 5E483B202B1660E200F696D1 /* Main.storyboard */; };
		5E483B252B1660E200F696D1 /* TaxFillingApp.xcdatamodeld in Sources */ = {isa = PBXBuildFile; fileRef = 5E483B232B1660E200F696D1 /* TaxFillingApp.xcdatamodeld */; };
		5E483B272B1660E400F696D1 /* Assets.xcassets in Resources */ = {isa = PBXBuildFile; fileRef = 5E483B262B1660E400F696D1 /* Assets.xcassets */; };
		5E483B2A2B1660E400F696D1 /* LaunchScreen.storyboard in Resources */ = {isa = PBXBuildFile; fileRef = 5E483B282B1660E400F696D1 /* LaunchScreen.storyboard */; };
		5E483B352B1660E400F696D1 /* TaxFillingAppTests.swift in Sources */ = {isa = PBXBuildFile; fileRef = 5E483B342B1660E400F696D1 /* TaxFillingAppTests.swift */; };
		5E483B3F2B1660E400F696D1 /* TaxFillingAppUITests.swift in Sources */ = {isa = PBXBuildFile; fileRef = 5E483B3E2B1660E400F696D1 /* TaxFillingAppUITests.swift */; };
		5E483B412B1660E400F696D1 /* TaxFillingAppUITestsLaunchTests.swift in Sources */ = {isa = PBXBuildFile; fileRef = 5E483B402B1660E400F696D1 /* TaxFillingAppUITestsLaunchTests.swift */; };
/* End PBXBuildFile section */

/* Begin PBXContainerItemProxy section */
		5E483B312B1660E400F696D1 /* PBXContainerItemProxy */ = {
			isa = PBXContainerItemProxy;
			containerPortal = 5E483B0F2B1660E200F696D1 /* Project object */;
			proxyType = 1;
			remoteGlobalIDString = 5E483B162B1660E200F696D1;
			remoteInfo = TaxFillingApp;
		};
		5E483B3B2B1660E400F696D1 /* PBXContainerItemProxy */ = {
			isa = PBXContainerItemProxy;
			containerPortal = 5E483B0F2B1660E200F696D1 /* Project object */;
			proxyType = 1;
			remoteGlobalIDString = 5E483B162B1660E200F696D1;
			remoteInfo = TaxFillingApp;
		};
/* End PBXContainerItemProxy section */

/* Begin PBXFileReference section */
		5E483B172B1660E200F696D1 /* TaxFillingApp.app */ = {isa = PBXFileReference; explicitFileType = wrapper.application; includeInIndex = 0; path = TaxFillingApp.app; sourceTree = BUILT_PRODUCTS_DIR; };
		5E483B1A2B1660E200F696D1 /* AppDelegate.swift */ = {isa = PBXFileReference; lastKnownFileType = sourcecode.swift; path = AppDelegate.swift; sourceTree = "<group>"; };
		5E483B1C2B1660E200F696D1 /* SceneDelegate.swift */ = {isa = PBXFileReference; lastKnownFileType = sourcecode.swift; path = SceneDelegate.swift; sourceTree = "<group>"; };
		5E483B1E2B1660E200F696D1 /* ViewController.swift */ = {isa = PBXFileReference; lastKnownFileType = sourcecode.swift; path = ViewController.swift; sourceTree = "<group>"; };
		5E483B212B1660E200F696D1 /* Base */ = {isa = PBXFileReference; lastKnownFileType = file.storyboard; name = Base; path = Base.lproj/Main.storyboard; sourceTree = "<group>"; };
		5E483B242B1660E200F696D1 /* TaxFillingApp.xcdatamodel */ = {isa = PBXFileReference; lastKnownFileType = wrapper.xcdatamodel; path = TaxFillingApp.xcdatamodel; sourceTree = "<group>"; };
		5E483B262B1660E400F696D1 /* Assets.xcassets */ = {isa = PBXFileReference; lastKnownFileType = folder.assetcatalog; path = Assets.xcassets; sourceTree = "<group>"; };
		5E483B292B1660E400F696D1 /* Base */ = {isa = PBXFileReference; lastKnownFileType = file.storyboard; name = Base; path = Base.lproj/LaunchScreen.storyboard; sourceTree = "<group>"; };
		5E483B2B2B1660E400F696D1 /* Info.plist */ = {isa = PBXFileReference; lastKnownFileType = text.plist.xml; path = Info.plist; sourceTree = "<group>"; };
		5E483B302B1660E400F696D1 /* TaxFillingAppTests.xctest */ = {isa = PBXFileReference; explicitFileType = wrapper.cfbundle; includeInIndex = 0; path = TaxFillingAppTests.xctest; sourceTree = BUILT_PRODUCTS_DIR; };
		5E483B342B1660E400F696D1 /* TaxFillingAppTests.swift */ = {isa = PBXFileReference; lastKnownFileType = sourcecode.swift; path = TaxFillingAppTests.swift; sourceTree = "<group>"; };
		5E483B3A2B1660E400F696D1 /* TaxFillingAppUITests.xctest */ = {isa = PBXFileReference; explicitFileType = wrapper.cfbundle; includeInIndex = 0; path = TaxFillingAppUITests.xctest; sourceTree = BUILT_PRODUCTS_DIR; };
		5E483B3E2B1660E400F696D1 /* TaxFillingAppUITests.swift */ = {isa = PBXFileReference; lastKnownFileType = sourcecode.swift; path = TaxFillingAppUITests.swift; sourceTree = "<group>"; };
		5E483B402B1660E400F696D1 /* TaxFillingAppUITestsLaunchTests.swift */ = {isa = PBXFileReference; lastKnownFileType = sourcecode.swift; path = TaxFillingAppUITestsLaunchTests.swift; sourceTree = "<group>"; };
/* End PBXFileReference section */

/* Begin PBXFrameworksBuildPhase section */
		5E483B142B1660E200F696D1 /* Frameworks */ = {
			isa = PBXFrameworksBuildPhase;
			buildActionMask = 2147483647;
			files = (
			);
			runOnlyForDeploymentPostprocessing = 0;
		};
		5E483B2D2B1660E400F696D1 /* Frameworks */ = {
			isa = PBXFrameworksBuildPhase;
			buildActionMask = 2147483647;
			files = (
			);
			runOnlyForDeploymentPostprocessing = 0;
		};
		5E483B372B1660E400F696D1 /* Frameworks */ = {
			isa = PBXFrameworksBuildPhase;
			buildActionMask = 2147483647;
			files = (
			);
			runOnlyForDeploymentPostprocessing = 0;
		};
/* End PBXFrameworksBuildPhase section */

/* Begin PBXGroup section */
		5E483B0E2B1660E200F696D1 = {
			isa = PBXGroup;
			children = (
				5E483B192B1660E200F696D1 /* TaxFillingApp */,
				5E483B332B1660E400F696D1 /* TaxFillingAppTests */,
				5E483B3D2B1660E400F696D1 /* TaxFillingAppUITests */,
				5E483B182B1660E200F696D1 /* Products */,
			);
			sourceTree = "<group>";
		};
		5E483B182B1660E200F696D1 /* Products */ = {
			isa = PBXGroup;
			children = (
				5E483B172B1660E200F696D1 /* TaxFillingApp.app */,
				5E483B302B1660E400F696D1 /* TaxFillingAppTests.xctest */,
				5E483B3A2B1660E400F696D1 /* TaxFillingAppUITests.xctest */,
			);
			name = Products;
			sourceTree = "<group>";
		};
		5E483B192B1660E200F696D1 /* TaxFillingApp */ = {
			isa = PBXGroup;
			children = (
				5E483B1A2B1660E200F696D1 /* AppDelegate.swift */,
				5E483B1C2B1660E200F696D1 /* SceneDelegate.swift */,
				5E483B1E2B1660E200F696D1 /* ViewController.swift */,
				5E483B202B1660E200F696D1 /* Main.storyboard */,
				5E483B262B1660E400F696D1 /* Assets.xcassets */,
				5E483B282B1660E400F696D1 /* LaunchScreen.storyboard */,
				5E483B2B2B1660E400F696D1 /* Info.plist */,
				5E483B232B1660E200F696D1 /* TaxFillingApp.xcdatamodeld */,
			);
			path = TaxFillingApp;
			sourceTree = "<group>";
		};
		5E483B332B1660E400F696D1 /* TaxFillingAppTests */ = {
			isa = PBXGroup;
			children = (
				5E483B342B1660E400F696D1 /* TaxFillingAppTests.swift */,
			);
			path = TaxFillingAppTests;
			sourceTree = "<group>";
		};
		5E483B3D2B1660E400F696D1 /* TaxFillingAppUITests */ = {
			isa = PBXGroup;
			children = (
				5E483B3E2B1660E400F696D1 /* TaxFillingAppUITests.swift */,
				5E483B402B1660E400F696D1 /* TaxFillingAppUITestsLaunchTests.swift */,
			);
			path = TaxFillingAppUITests;
			sourceTree = "<group>";
		};
/* End PBXGroup section */

/* Begin PBXNativeTarget section */
		5E483B162B1660E200F696D1 /* TaxFillingApp */ = {
			isa = PBXNativeTarget;
			buildConfigurationList = 5E483B442B1660E400F696D1 /* Build configuration list for PBXNativeTarget "TaxFillingApp" */;
			buildPhases = (
				5E483B132B1660E200F696D1 /* Sources */,
				5E483B142B1660E200F696D1 /* Frameworks */,
				5E483B152B1660E200F696D1 /* Resources */,
			);
			buildRules = (
			);
			dependencies = (
			);
			name = TaxFillingApp;
			productName = TaxFillingApp;
			productReference = 5E483B172B1660E200F696D1 /* TaxFillingApp.app */;
			productType = "com.apple.product-type.application";
		};
		5E483B2F2B1660E400F696D1 /* TaxFillingAppTests */ = {
			isa = PBXNativeTarget;
			buildConfigurationList = 5E483B472B1660E400F696D1 /* Build configuration list for PBXNativeTarget "TaxFillingAppTests" */;
			buildPhases = (
				5E483B2C2B1660E400F696D1 /* Sources */,
				5E483B2D2B1660E400F696D1 /* Frameworks */,
				5E483B2E2B1660E400F696D1 /* Resources */,
			);
			buildRules = (
			);
			dependencies = (
				5E483B322B1660E400F696D1 /* PBXTargetDependency */,
			);
			name = TaxFillingAppTests;
			productName = TaxFillingAppTests;
			productReference = 5E483B302B1660E400F696D1 /* TaxFillingAppTests.xctest */;
			productType = "com.apple.product-type.bundle.unit-test";
		};
		5E483B392B1660E400F696D1 /* TaxFillingAppUITests */ = {
			isa = PBXNativeTarget;
			buildConfigurationList = 5E483B4A2B1660E400F696D1 /* Build configuration list for PBXNativeTarget "TaxFillingAppUITests" */;
			buildPhases = (
				5E483B362B1660E400F696D1 /* Sources */,
				5E483B372B1660E400F696D1 /* Frameworks */,
				5E483B382B1660E400F696D1 /* Resources */,
			);
			buildRules = (
			);
			dependencies = (
				5E483B3C2B1660E400F696D1 /* PBXTargetDependency */,
			);
			name = TaxFillingAppUITests;
			productName = TaxFillingAppUITests;
			productReference = 5E483B3A2B1660E400F696D1 /* TaxFillingAppUITests.xctest */;
			productType = "com.apple.product-type.bundle.ui-testing";
		};
/* End PBXNativeTarget section */

/* Begin PBXProject section */
		5E483B0F2B1660E200F696D1 /* Project object */ = {
			isa = PBXProject;
			attributes = {
				BuildIndependentTargetsInParallel = 1;
				LastSwiftUpdateCheck = 1500;
				LastUpgradeCheck = 1500;
				TargetAttributes = {
					5E483B162B1660E200F696D1 = {
						CreatedOnToolsVersion = 15.0;
					};
					5E483B2F2B1660E400F696D1 = {
						CreatedOnToolsVersion = 15.0;
						TestTargetID = 5E483B162B1660E200F696D1;
					};
					5E483B392B1660E400F696D1 = {
						CreatedOnToolsVersion = 15.0;
						TestTargetID = 5E483B162B1660E200F696D1;
					};
				};
			};
			buildConfigurationList = 5E483B122B1660E200F696D1 /* Build configuration list for PBXProject "TaxFillingApp" */;
			compatibilityVersion = "Xcode 14.0";
			developmentRegion = en;
			hasScannedForEncodings = 0;
			knownRegions = (
				en,
				Base,
			);
			mainGroup = 5E483B0E2B1660E200F696D1;
			productRefGroup = 5E483B182B1660E200F696D1 /* Products */;
			projectDirPath = "";
			projectRoot = "";
			targets = (
				5E483B162B1660E200F696D1 /* TaxFillingApp */,
				5E483B2F2B1660E400F696D1 /* TaxFillingAppTests */,
				5E483B392B1660E400F696D1 /* TaxFillingAppUITests */,
			);
		};
/* End PBXProject section */

/* Begin PBXResourcesBuildPhase section */
		5E483B152B1660E200F696D1 /* Resources */ = {
			isa = PBXResourcesBuildPhase;
			buildActionMask = 2147483647;
			files = (
				5E483B2A2B1660E400F696D1 /* LaunchScreen.storyboard in Resources */,
				5E483B272B1660E400F696D1 /* Assets.xcassets in Resources */,
				5E483B222B1660E200F696D1 /* Main.storyboard in Resources */,
			);
			runOnlyForDeploymentPostprocessing = 0;
		};
		5E483B2E2B1660E400F696D1 /* Resources */ = {
			isa = PBXResourcesBuildPhase;
			buildActionMask = 2147483647;
			files = (
			);
			runOnlyForDeploymentPostprocessing = 0;
		};
		5E483B382B1660E400F696D1 /* Resources */ = {
			isa = PBXResourcesBuildPhase;
			buildActionMask = 2147483647;
			files = (
			);
			runOnlyForDeploymentPostprocessing = 0;
		};
/* End PBXResourcesBuildPhase section */

/* Begin PBXSourcesBuildPhase section */
		5E483B132B1660E200F696D1 /* Sources */ = {
			isa = PBXSourcesBuildPhase;
			buildActionMask = 2147483647;
			files = (
				5E483B1F2B1660E200F696D1 /* ViewController.swift in Sources */,
				5E483B252B1660E200F696D1 /* TaxFillingApp.xcdatamodeld in Sources */,
				5E483B1B2B1660E200F696D1 /* AppDelegate.swift in Sources */,
				5E483B1D2B1660E200F696D1 /* SceneDelegate.swift in Sources */,
			);
			runOnlyForDeploymentPostprocessing = 0;
		};
		5E483B2C2B1660E400F696D1 /* Sources */ = {
			isa = PBXSourcesBuildPhase;
			buildActionMask = 2147483647;
			files = (
				5E483B352B1660E400F696D1 /* TaxFillingAppTests.swift in Sources */,
			);
			runOnlyForDeploymentPostprocessing = 0;
		};
		5E483B362B1660E400F696D1 /* Sources */ = {
			isa = PBXSourcesBuildPhase;
			buildActionMask = 2147483647;
			files = (
				5E483B412B1660E400F696D1 /* TaxFillingAppUITestsLaunchTests.swift in Sources */,
				5E483B3F2B1660E400F696D1 /* TaxFillingAppUITests.swift in Sources */,
			);
			runOnlyForDeploymentPostprocessing = 0;
		};
/* End PBXSourcesBuildPhase section */

/* Begin PBXTargetDependency section */
		5E483B322B1660E400F696D1 /* PBXTargetDependency */ = {
			isa = PBXTargetDependency;
			target = 5E483B162B1660E200F696D1 /* TaxFillingApp */;
			targetProxy = 5E483B312B1660E400F696D1 /* PBXContainerItemProxy */;
		};
		5E483B3C2B1660E400F696D1 /* PBXTargetDependency */ = {
			isa = PBXTargetDependency;
			target = 5E483B162B1660E200F696D1 /* TaxFillingApp */;
			targetProxy = 5E483B3B2B1660E400F696D1 /* PBXContainerItemProxy */;
		};
/* End PBXTargetDependency section */

/* Begin PBXVariantGroup section */
		5E483B202B1660E200F696D1 /* Main.storyboard */ = {
			isa = PBXVariantGroup;
			children = (
				5E483B212B1660E200F696D1 /* Base */,
			);
			name = Main.storyboard;
			sourceTree = "<group>";
		};
		5E483B282B1660E400F696D1 /* LaunchScreen.storyboard */ = {
			isa = PBXVariantGroup;
			children = (
				5E483B292B1660E400F696D1 /* Base */,
			);
			name = LaunchScreen.storyboard;
			sourceTree = "<group>";
		};
/* End PBXVariantGroup section */

/* Begin XCBuildConfiguration section */
		5E483B422B1660E400F696D1 /* Debug */ = {
			isa = XCBuildConfiguration;
			buildSettings = {
				ALWAYS_SEARCH_USER_PATHS = NO;
				ASSETCATALOG_COMPILER_GENERATE_SWIFT_ASSET_SYMBOL_EXTENSIONS = YES;
				CLANG_ANALYZER_NONNULL = YES;
				CLANG_ANALYZER_NUMBER_OBJECT_CONVERSION = YES_AGGRESSIVE;
				CLANG_CXX_LANGUAGE_STANDARD = "gnu++20";
				CLANG_ENABLE_MODULES = YES;
				CLANG_ENABLE_OBJC_ARC = YES;
				CLANG_ENABLE_OBJC_WEAK = YES;
				CLANG_WARN_BLOCK_CAPTURE_AUTORELEASING = YES;
				CLANG_WARN_BOOL_CONVERSION = YES;
				CLANG_WARN_COMMA = YES;
				CLANG_WARN_CONSTANT_CONVERSION = YES;
				CLANG_WARN_DEPRECATED_OBJC_IMPLEMENTATIONS = YES;
				CLANG_WARN_DIRECT_OBJC_ISA_USAGE = YES_ERROR;
				CLANG_WARN_DOCUMENTATION_COMMENTS = YES;
				CLANG_WARN_EMPTY_BODY = YES;
				CLANG_WARN_ENUM_CONVERSION = YES;
				CLANG_WARN_INFINITE_RECURSION = YES;
				CLANG_WARN_INT_CONVERSION = YES;
				CLANG_WARN_NON_LITERAL_NULL_CONVERSION = YES;
				CLANG_WARN_OBJC_IMPLICIT_RETAIN_SELF = YES;
				CLANG_WARN_OBJC_LITERAL_CONVERSION = YES;
				CLANG_WARN_OBJC_ROOT_CLASS = YES_ERROR;
				CLANG_WARN_QUOTED_INCLUDE_IN_FRAMEWORK_HEADER = YES;
				CLANG_WARN_RANGE_LOOP_ANALYSIS = YES;
				CLANG_WARN_STRICT_PROTOTYPES = YES;
				CLANG_WARN_SUSPICIOUS_MOVE = YES;
				CLANG_WARN_UNGUARDED_AVAILABILITY = YES_AGGRESSIVE;
				CLANG_WARN_UNREACHABLE_CODE = YES;
				CLANG_WARN__DUPLICATE_METHOD_MATCH = YES;
				COPY_PHASE_STRIP = NO;
				DEBUG_INFORMATION_FORMAT = dwarf;
				ENABLE_STRICT_OBJC_MSGSEND = YES;
				ENABLE_TESTABILITY = YES;
				ENABLE_USER_SCRIPT_SANDBOXING = YES;
				GCC_C_LANGUAGE_STANDARD = gnu17;
				GCC_DYNAMIC_NO_PIC = NO;
				GCC_NO_COMMON_BLOCKS = YES;
				GCC_OPTIMIZATION_LEVEL = 0;
				GCC_PREPROCESSOR_DEFINITIONS = (
					"DEBUG=1",
					"$(inherited)",
				);
				GCC_WARN_64_TO_32_BIT_CONVERSION = YES;
				GCC_WARN_ABOUT_RETURN_TYPE = YES_ERROR;
				GCC_WARN_UNDECLARED_SELECTOR = YES;
				GCC_WARN_UNINITIALIZED_AUTOS = YES_AGGRESSIVE;
				GCC_WARN_UNUSED_FUNCTION = YES;
				GCC_WARN_UNUSED_VARIABLE = YES;
				IPHONEOS_DEPLOYMENT_TARGET = 17.0;
				LOCALIZATION_PREFERS_STRING_CATALOGS = YES;
				MTL_ENABLE_DEBUG_INFO = INCLUDE_SOURCE;
				MTL_FAST_MATH = YES;
				ONLY_ACTIVE_ARCH = YES;
				SDKROOT = iphoneos;
				SWIFT_ACTIVE_COMPILATION_CONDITIONS = "DEBUG $(inherited)";
				SWIFT_OPTIMIZATION_LEVEL = "-Onone";
			};
			name = Debug;
		};
		5E483B432B1660E400F696D1 /* Release */ = {
			isa = XCBuildConfiguration;
			buildSettings = {
				ALWAYS_SEARCH_USER_PATHS = NO;
				ASSETCATALOG_COMPILER_GENERATE_SWIFT_ASSET_SYMBOL_EXTENSIONS = YES;
				CLANG_ANALYZER_NONNULL = YES;
				CLANG_ANALYZER_NUMBER_OBJECT_CONVERSION = YES_AGGRESSIVE;
				CLANG_CXX_LANGUAGE_STANDARD = "gnu++20";
				CLANG_ENABLE_MODULES = YES;
				CLANG_ENABLE_OBJC_ARC = YES;
				CLANG_ENABLE_OBJC_WEAK = YES;
				CLANG_WARN_BLOCK_CAPTURE_AUTORELEASING = YES;
				CLANG_WARN_BOOL_CONVERSION = YES;
				CLANG_WARN_COMMA = YES;
				CLANG_WARN_CONSTANT_CONVERSION = YES;
				CLANG_WARN_DEPRECATED_OBJC_IMPLEMENTATIONS = YES;
				CLANG_WARN_DIRECT_OBJC_ISA_USAGE = YES_ERROR;
				CLANG_WARN_DOCUMENTATION_COMMENTS = YES;
				CLANG_WARN_EMPTY_BODY = YES;
				CLANG_WARN_ENUM_CONVERSION = YES;
				CLANG_WARN_INFINITE_RECURSION = YES;
				CLANG_WARN_INT_CONVERSION = YES;
				CLANG_WARN_NON_LITERAL_NULL_CONVERSION = YES;
				CLANG_WARN_OBJC_IMPLICIT_RETAIN_SELF = YES;
				CLANG_WARN_OBJC_LITERAL_CONVERSION = YES;
				CLANG_WARN_OBJC_ROOT_CLASS = YES_ERROR;
				CLANG_WARN_QUOTED_INCLUDE_IN_FRAMEWORK_HEADER = YES;
				CLANG_WARN_RANGE_LOOP_ANALYSIS = YES;
				CLANG_WARN_STRICT_PROTOTYPES = YES;
				CLANG_WARN_SUSPICIOUS_MOVE = YES;
				CLANG_WARN_UNGUARDED_AVAILABILITY = YES_AGGRESSIVE;
				CLANG_WARN_UNREACHABLE_CODE = YES;
				CLANG_WARN__DUPLICATE_METHOD_MATCH = YES;
				COPY_PHASE_STRIP = NO;
				DEBUG_INFORMATION_FORMAT = "dwarf-with-dsym";
				ENABLE_NS_ASSERTIONS = NO;
				ENABLE_STRICT_OBJC_MSGSEND = YES;
				ENABLE_USER_SCRIPT_SANDBOXING = YES;
				GCC_C_LANGUAGE_STANDARD = gnu17;
				GCC_NO_COMMON_BLOCKS = YES;
				GCC_WARN_64_TO_32_BIT_CONVERSION = YES;
				GCC_WARN_ABOUT_RETURN_TYPE = YES_ERROR;
				GCC_WARN_UNDECLARED_SELECTOR = YES;
				GCC_WARN_UNINITIALIZED_AUTOS = YES_AGGRESSIVE;
				GCC_WARN_UNUSED_FUNCTION = YES;
				GCC_WARN_UNUSED_VARIABLE = YES;
				IPHONEOS_DEPLOYMENT_TARGET = 17.0;
				LOCALIZATION_PREFERS_STRING_CATALOGS = YES;
				MTL_ENABLE_DEBUG_INFO = NO;
				MTL_FAST_MATH = YES;
				SDKROOT = iphoneos;
				SWIFT_COMPILATION_MODE = wholemodule;
				VALIDATE_PRODUCT = YES;
			};
			name = Release;
		};
		5E483B452B1660E400F696D1 /* Debug */ = {
			isa = XCBuildConfiguration;
			buildSettings = {
				ASSETCATALOG_COMPILER_APPICON_NAME = AppIcon;
				ASSETCATALOG_COMPILER_GLOBAL_ACCENT_COLOR_NAME = AccentColor;
				CODE_SIGN_STYLE = Automatic;
				CURRENT_PROJECT_VERSION = 1;
				GENERATE_INFOPLIST_FILE = YES;
				INFOPLIST_FILE = TaxFillingApp/Info.plist;
				INFOPLIST_KEY_UIApplicationSupportsIndirectInputEvents = YES;
				INFOPLIST_KEY_UILaunchStoryboardName = LaunchScreen;
				INFOPLIST_KEY_UIMainStoryboardFile = Main;
				INFOPLIST_KEY_UISupportedInterfaceOrientations_iPad = "UIInterfaceOrientationPortrait UIInterfaceOrientationPortraitUpsideDown UIInterfaceOrientationLandscapeLeft UIInterfaceOrientationLandscapeRight";
				INFOPLIST_KEY_UISupportedInterfaceOrientations_iPhone = "UIInterfaceOrientationPortrait UIInterfaceOrientationLandscapeLeft UIInterfaceOrientationLandscapeRight";
				LD_RUNPATH_SEARCH_PATHS = (
					"$(inherited)",
					"@executable_path/Frameworks",
				);
				MARKETING_VERSION = 1.0;
				PRODUCT_BUNDLE_IDENTIFIER = com.davender.TaxFillingApp;
				PRODUCT_NAME = "$(TARGET_NAME)";
				SWIFT_EMIT_LOC_STRINGS = YES;
				SWIFT_VERSION = 5.0;
				TARGETED_DEVICE_FAMILY = "1,2";
			};
			name = Debug;
		};
		5E483B462B1660E400F696D1 /* Release */ = {
			isa = XCBuildConfiguration;
			buildSettings = {
				ASSETCATALOG_COMPILER_APPICON_NAME = AppIcon;
				ASSETCATALOG_COMPILER_GLOBAL_ACCENT_COLOR_NAME = AccentColor;
				CODE_SIGN_STYLE = Automatic;
				CURRENT_PROJECT_VERSION = 1;
				GENERATE_INFOPLIST_FILE = YES;
				INFOPLIST_FILE = TaxFillingApp/Info.plist;
				INFOPLIST_KEY_UIApplicationSupportsIndirectInputEvents = YES;
				INFOPLIST_KEY_UILaunchStoryboardName = LaunchScreen;
				INFOPLIST_KEY_UIMainStoryboardFile = Main;
				INFOPLIST_KEY_UISupportedInterfaceOrientations_iPad = "UIInterfaceOrientationPortrait UIInterfaceOrientationPortraitUpsideDown UIInterfaceOrientationLandscapeLeft UIInterfaceOrientationLandscapeRight";
				INFOPLIST_KEY_UISupportedInterfaceOrientations_iPhone = "UIInterfaceOrientationPortrait UIInterfaceOrientationLandscapeLeft UIInterfaceOrientationLandscapeRight";
				LD_RUNPATH_SEARCH_PATHS = (
					"$(inherited)",
					"@executable_path/Frameworks",
				);
				MARKETING_VERSION = 1.0;
				PRODUCT_BUNDLE_IDENTIFIER = com.davender.TaxFillingApp;
				PRODUCT_NAME = "$(TARGET_NAME)";
				SWIFT_EMIT_LOC_STRINGS = YES;
				SWIFT_VERSION = 5.0;
				TARGETED_DEVICE_FAMILY = "1,2";
			};
			name = Release;
		};
		5E483B482B1660E400F696D1 /* Debug */ = {
			isa = XCBuildConfiguration;
			buildSettings = {
				ALWAYS_EMBED_SWIFT_STANDARD_LIBRARIES = YES;
				BUNDLE_LOADER = "$(TEST_HOST)";
				CODE_SIGN_STYLE = Automatic;
				CURRENT_PROJECT_VERSION = 1;
				GENERATE_INFOPLIST_FILE = YES;
				IPHONEOS_DEPLOYMENT_TARGET = 17.0;
				MARKETING_VERSION = 1.0;
				PRODUCT_BUNDLE_IDENTIFIER = com.davender.TaxFillingAppTests;
				PRODUCT_NAME = "$(TARGET_NAME)";
				SWIFT_EMIT_LOC_STRINGS = NO;
				SWIFT_VERSION = 5.0;
				TARGETED_DEVICE_FAMILY = "1,2";
				TEST_HOST = "$(BUILT_PRODUCTS_DIR)/TaxFillingApp.app/$(BUNDLE_EXECUTABLE_FOLDER_PATH)/TaxFillingApp";
			};
			name = Debug;
		};
		5E483B492B1660E400F696D1 /* Release */ = {
			isa = XCBuildConfiguration;
			buildSettings = {
				ALWAYS_EMBED_SWIFT_STANDARD_LIBRARIES = YES;
				BUNDLE_LOADER = "$(TEST_HOST)";
				CODE_SIGN_STYLE = Automatic;
				CURRENT_PROJECT_VERSION = 1;
				GENERATE_INFOPLIST_FILE = YES;
				IPHONEOS_DEPLOYMENT_TARGET = 17.0;
				MARKETING_VERSION = 1.0;
				PRODUCT_BUNDLE_IDENTIFIER = com.davender.TaxFillingAppTests;
				PRODUCT_NAME = "$(TARGET_NAME)";
				SWIFT_EMIT_LOC_STRINGS = NO;
				SWIFT_VERSION = 5.0;
				TARGETED_DEVICE_FAMILY = "1,2";
				TEST_HOST = "$(BUILT_PRODUCTS_DIR)/TaxFillingApp.app/$(BUNDLE_EXECUTABLE_FOLDER_PATH)/TaxFillingApp";
			};
			name = Release;
		};
		5E483B4B2B1660E400F696D1 /* Debug */ = {
			isa = XCBuildConfiguration;
			buildSettings = {
				ALWAYS_EMBED_SWIFT_STANDARD_LIBRARIES = YES;
				CODE_SIGN_STYLE = Automatic;
				CURRENT_PROJECT_VERSION = 1;
				GENERATE_INFOPLIST_FILE = YES;
				MARKETING_VERSION = 1.0;
				PRODUCT_BUNDLE_IDENTIFIER = com.davender.TaxFillingAppUITests;
				PRODUCT_NAME = "$(TARGET_NAME)";
				SWIFT_EMIT_LOC_STRINGS = NO;
				SWIFT_VERSION = 5.0;
				TARGETED_DEVICE_FAMILY = "1,2";
				TEST_TARGET_NAME = TaxFillingApp;
			};
			name = Debug;
		};
		5E483B4C2B1660E400F696D1 /* Release */ = {
			isa = XCBuildConfiguration;
			buildSettings = {
				ALWAYS_EMBED_SWIFT_STANDARD_LIBRARIES = YES;
				CODE_SIGN_STYLE = Automatic;
				CURRENT_PROJECT_VERSION = 1;
				GENERATE_INFOPLIST_FILE = YES;
				MARKETING_VERSION = 1.0;
				PRODUCT_BUNDLE_IDENTIFIER = com.davender.TaxFillingAppUITests;
				PRODUCT_NAME = "$(TARGET_NAME)";
				SWIFT_EMIT_LOC_STRINGS = NO;
				SWIFT_VERSION = 5.0;
				TARGETED_DEVICE_FAMILY = "1,2";
				TEST_TARGET_NAME = TaxFillingApp;
			};
			name = Release;
		};
/* End XCBuildConfiguration section */

/* Begin XCConfigurationList section */
		5E483B122B1660E200F696D1 /* Build configuration list for PBXProject "TaxFillingApp" */ = {
			isa = XCConfigurationList;
			buildConfigurations = (
				5E483B422B1660E400F696D1 /* Debug */,
				5E483B432B1660E400F696D1 /* Release */,
			);
			defaultConfigurationIsVisible = 0;
			defaultConfigurationName = Release;
		};
		5E483B442B1660E400F696D1 /* Build configuration list for PBXNativeTarget "TaxFillingApp" */ = {
			isa = XCConfigurationList;
			buildConfigurations = (
				5E483B452B1660E400F696D1 /* Debug */,
				5E483B462B1660E400F696D1 /* Release */,
			);
			defaultConfigurationIsVisible = 0;
			defaultConfigurationName = Release;
		};
		5E483B472B1660E400F696D1 /* Build configuration list for PBXNativeTarget "TaxFillingAppTests" */ = {
			isa = XCConfigurationList;
			buildConfigurations = (
				5E483B482B1660E400F696D1 /* Debug */,
				5E483B492B1660E400F696D1 /* Release */,
			);
			defaultConfigurationIsVisible = 0;
			defaultConfigurationName = Release;
		};
		5E483B4A2B1660E400F696D1 /* Build configuration list for PBXNativeTarget "TaxFillingAppUITests" */ = {
			isa = XCConfigurationList;
			buildConfigurations = (
				5E483B4B2B1660E400F696D1 /* Debug */,
				5E483B4C2B1660E400F696D1 /* Release */,
			);
			defaultConfigurationIsVisible = 0;
			defaultConfigurationName = Release;
		};
/* End XCConfigurationList section */

/* Begin XCVersionGroup section */
		5E483B232B1660E200F696D1 /* TaxFillingApp.xcdatamodeld */ = {
			isa = XCVersionGroup;
			children = (
				5E483B242B1660E200F696D1 /* TaxFillingApp.xcdatamodel */,
			);
			currentVersion = 5E483B242B1660E200F696D1 /* TaxFillingApp.xcdatamodel */;
			path = TaxFillingApp.xcdatamodeld;
			sourceTree = "<group>";
			versionGroupType = wrapper.xcdatamodel;
		};
/* End XCVersionGroup section */
	};
	rootObject = 5E483B0F2B1660E200F696D1 /* Project object */;
}
